
Microsoft Visual Studio Solution File, Format Version 12.00
# Visual Studio Version 16
VisualStudioVersion = 16.0.30128.36
MinimumVisualStudioVersion = 10.0.40219.1
Project("{8BC9CEB8-8B4A-11D0-8D11-00A0C91BC942}") = "BinaryTree", "BinaryTree\BinaryTree.vcxproj", "{F6A1C1A1-597F-4C6F-BF00-FBD49951BEE5}"
EndProject
Global
	GlobalSection(SolutionConfigurationPlatforms) = preSolution
		Debug|x64 = Debug|x64
		Debug|x86 = Debug|x86
		Release|x64 = Release|x64
		Release|x86 = Release|x86
	EndGlobalSection
	GlobalSection(ProjectConfigurationPlatforms) = postSolution
		{F6A1C1A1-597F-4C6F-BF00-FBD49951BEE5}.Debug|x64.ActiveCfg = Debug|x64
		{F6A1C1A1-597F-4C6F-BF00-FBD49951BEE5}.Debug|x64.Build.0 = Debug|x64
		{F6A1C1A1-597F-4C6F-BF00-FBD49951BEE5}.Debug|x86.ActiveCfg = Debug|Win32
		{F6A1C1A1-597F-4C6F-BF00-FBD49951BEE5}.Debug|x86.Build.0 = Debug|Win32
		{F6A1C1A1-597F-4C6F-BF00-FBD49951BEE5}.Release|x64.ActiveCfg = Release|x64
		{F6A1C1A1-597F-4C6F-BF00-FBD49951BEE5}.Release|x64.Build.0 = Release|x64
		{F6A1C1A1-597F-4C6F-BF00-FBD49951BEE5}.Release|x86.ActiveCfg = Release|Win32
		{F6A1C1A1-597F-4C6F-BF00-FBD49951BEE5}.Release|x86.Build.0 = Release|Win32
	EndGlobalSection
	GlobalSection(SolutionProperties) = preSolution
		HideSolutionNode = FALSE
	EndGlobalSection
	GlobalSection(ExtensibilityGlobals) = postSolution
		SolutionGuid = {6D531DD2-24DB-4E8B-8F36-A2B92E754309}
	EndGlobalSection
EndGlobal
