
Microsoft Visual Studio Solution File, Format Version 12.00
# Visual Studio Version 16
VisualStudioVersion = 16.0.30128.36
MinimumVisualStudioVersion = 10.0.40219.1
Project("{8BC9CEB8-8B4A-11D0-8D11-00A0C91BC942}") = "CircularQueue", "CircularQueue\CircularQueue.vcxproj", "{E5226C67-E29D-46F3-9127-2DE296B8D089}"
EndProject
Global
	GlobalSection(SolutionConfigurationPlatforms) = preSolution
		Debug|x64 = Debug|x64
		Debug|x86 = Debug|x86
		Release|x64 = Release|x64
		Release|x86 = Release|x86
	EndGlobalSection
	GlobalSection(ProjectConfigurationPlatforms) = postSolution
		{E5226C67-E29D-46F3-9127-2DE296B8D089}.Debug|x64.ActiveCfg = Debug|x64
		{E5226C67-E29D-46F3-9127-2DE296B8D089}.Debug|x64.Build.0 = Debug|x64
		{E5226C67-E29D-46F3-9127-2DE296B8D089}.Debug|x86.ActiveCfg = Debug|Win32
		{E5226C67-E29D-46F3-9127-2DE296B8D089}.Debug|x86.Build.0 = Debug|Win32
		{E5226C67-E29D-46F3-9127-2DE296B8D089}.Release|x64.ActiveCfg = Release|x64
		{E5226C67-E29D-46F3-9127-2DE296B8D089}.Release|x64.Build.0 = Release|x64
		{E5226C67-E29D-46F3-9127-2DE296B8D089}.Release|x86.ActiveCfg = Release|Win32
		{E5226C67-E29D-46F3-9127-2DE296B8D089}.Release|x86.Build.0 = Release|Win32
	EndGlobalSection
	GlobalSection(SolutionProperties) = preSolution
		HideSolutionNode = FALSE
	EndGlobalSection
	GlobalSection(ExtensibilityGlobals) = postSolution
		SolutionGuid = {2AF60D47-94FE-4FE9-9FA0-A38ABF9872C7}
	EndGlobalSection
EndGlobal
