
Microsoft Visual Studio Solution File, Format Version 12.00
# Visual Studio Version 16
VisualStudioVersion = 16.0.30128.36
MinimumVisualStudioVersion = 10.0.40219.1
Project("{8BC9CEB8-8B4A-11D0-8D11-00A0C91BC942}") = "Doublylinked", "Doublylinked\Doublylinked.vcxproj", "{A57D514E-4F7C-400A-AEAC-D43D7A6229AF}"
EndProject
Global
	GlobalSection(SolutionConfigurationPlatforms) = preSolution
		Debug|x64 = Debug|x64
		Debug|x86 = Debug|x86
		Release|x64 = Release|x64
		Release|x86 = Release|x86
	EndGlobalSection
	GlobalSection(ProjectConfigurationPlatforms) = postSolution
		{A57D514E-4F7C-400A-AEAC-D43D7A6229AF}.Debug|x64.ActiveCfg = Debug|x64
		{A57D514E-4F7C-400A-AEAC-D43D7A6229AF}.Debug|x64.Build.0 = Debug|x64
		{A57D514E-4F7C-400A-AEAC-D43D7A6229AF}.Debug|x86.ActiveCfg = Debug|Win32
		{A57D514E-4F7C-400A-AEAC-D43D7A6229AF}.Debug|x86.Build.0 = Debug|Win32
		{A57D514E-4F7C-400A-AEAC-D43D7A6229AF}.Release|x64.ActiveCfg = Release|x64
		{A57D514E-4F7C-400A-AEAC-D43D7A6229AF}.Release|x64.Build.0 = Release|x64
		{A57D514E-4F7C-400A-AEAC-D43D7A6229AF}.Release|x86.ActiveCfg = Release|Win32
		{A57D514E-4F7C-400A-AEAC-D43D7A6229AF}.Release|x86.Build.0 = Release|Win32
	EndGlobalSection
	GlobalSection(SolutionProperties) = preSolution
		HideSolutionNode = FALSE
	EndGlobalSection
	GlobalSection(ExtensibilityGlobals) = postSolution
		SolutionGuid = {20FC6F8A-DBFB-411B-A04E-107C75D84484}
	EndGlobalSection
EndGlobal
