
Microsoft Visual Studio Solution File, Format Version 12.00
# Visual Studio Version 16
VisualStudioVersion = 16.0.30128.36
MinimumVisualStudioVersion = 10.0.40219.1
Project("{8BC9CEB8-8B4A-11D0-8D11-00A0C91BC942}") = "hello", "hello\hello.vcxproj", "{9FBAABB1-AF79-4081-AB46-DF8B7657DA73}"
EndProject
Global
	GlobalSection(SolutionConfigurationPlatforms) = preSolution
		Debug|x64 = Debug|x64
		Debug|x86 = Debug|x86
		Release|x64 = Release|x64
		Release|x86 = Release|x86
	EndGlobalSection
	GlobalSection(ProjectConfigurationPlatforms) = postSolution
		{9FBAABB1-AF79-4081-AB46-DF8B7657DA73}.Debug|x64.ActiveCfg = Debug|x64
		{9FBAABB1-AF79-4081-AB46-DF8B7657DA73}.Debug|x64.Build.0 = Debug|x64
		{9FBAABB1-AF79-4081-AB46-DF8B7657DA73}.Debug|x86.ActiveCfg = Debug|Win32
		{9FBAABB1-AF79-4081-AB46-DF8B7657DA73}.Debug|x86.Build.0 = Debug|Win32
		{9FBAABB1-AF79-4081-AB46-DF8B7657DA73}.Release|x64.ActiveCfg = Release|x64
		{9FBAABB1-AF79-4081-AB46-DF8B7657DA73}.Release|x64.Build.0 = Release|x64
		{9FBAABB1-AF79-4081-AB46-DF8B7657DA73}.Release|x86.ActiveCfg = Release|Win32
		{9FBAABB1-AF79-4081-AB46-DF8B7657DA73}.Release|x86.Build.0 = Release|Win32
	EndGlobalSection
	GlobalSection(SolutionProperties) = preSolution
		HideSolutionNode = FALSE
	EndGlobalSection
	GlobalSection(ExtensibilityGlobals) = postSolution
		SolutionGuid = {0FA6DD52-4C48-4BF0-8DC2-EE1393293098}
	EndGlobalSection
EndGlobal
